
Microsoft Visual Studio Solution File, Format Version 12.00
# Visual Studio Version 16
VisualStudioVersion = 16.0.28315.86
MinimumVisualStudioVersion = 10.0.40219.1
Project("{2150E333-8FDC-42A3-9474-1A3956D46DE8}") = "Engine", "Engine", "{1196119D-24CE-4627-B7BB-48C87B8F9F52}"
EndProject
Project("{2150E333-8FDC-42A3-9474-1A3956D46DE8}") = "Games", "Games", "{A5F23985-43C9-40AD-A380-86CA95B9C42F}"
EndProject
Project("{8BC9CEB8-8B4A-11D0-8D11-00A0C91BC942}") = "UE4", "Intermediate\ProjectFiles\UE4.vcxproj", "{30178E17-A68A-4D3C-B7B7-8731E8AE4269}"
EndProject
Project("{8BC9CEB8-8B4A-11D0-8D11-00A0C91BC942}") = "BuildingEscape", "Intermediate\ProjectFiles\BuildingEscape.vcxproj", "{FA7D60F6-D640-4759-8E59-563667BDC1E6}"
EndProject
Project("{2150E333-8FDC-42A3-9474-1A3956D46DE8}") = "Visualizers", "Visualizers", "{75D7A4B3-E045-4DE4-889C-E5CA397F131C}"
	ProjectSection(SolutionItems) = preProject
		..\..\..\..\..\Program Files\Epic Games\UE_4.24\Engine\Extras\VisualStudioDebugging\UE4.natvis = ..\..\..\..\..\Program Files\Epic Games\UE_4.24\Engine\Extras\VisualStudioDebugging\UE4.natvis
	EndProjectSection
EndProject
Global
	GlobalSection(SolutionConfigurationPlatforms) = preSolution
		DebugGame Editor|Win32 = DebugGame Editor|Win32
		DebugGame Editor|Win64 = DebugGame Editor|Win64
		DebugGame|Win32 = DebugGame|Win32
		DebugGame|Win64 = DebugGame|Win64
		Development Editor|Win32 = Development Editor|Win32
		Development Editor|Win64 = Development Editor|Win64
		Development|Win32 = Development|Win32
		Development|Win64 = Development|Win64
		Shipping|Win32 = Shipping|Win32
		Shipping|Win64 = Shipping|Win64
	EndGlobalSection
	GlobalSection(ProjectConfigurationPlatforms) = postSolution
		{30178E17-A68A-4D3C-B7B7-8731E8AE4269}.DebugGame Editor|Win32.ActiveCfg = BuiltWithUnrealBuildTool|Win32
		{30178E17-A68A-4D3C-B7B7-8731E8AE4269}.DebugGame Editor|Win64.ActiveCfg = BuiltWithUnrealBuildTool|Win32
		{30178E17-A68A-4D3C-B7B7-8731E8AE4269}.DebugGame|Win32.ActiveCfg = BuiltWithUnrealBuildTool|Win32
		{30178E17-A68A-4D3C-B7B7-8731E8AE4269}.DebugGame|Win64.ActiveCfg = BuiltWithUnrealBuildTool|Win32
		{30178E17-A68A-4D3C-B7B7-8731E8AE4269}.Development Editor|Win32.ActiveCfg = BuiltWithUnrealBuildTool|Win32
		{30178E17-A68A-4D3C-B7B7-8731E8AE4269}.Development Editor|Win64.ActiveCfg = BuiltWithUnrealBuildTool|Win32
		{30178E17-A68A-4D3C-B7B7-8731E8AE4269}.Development|Win32.ActiveCfg = BuiltWithUnrealBuildTool|Win32
		{30178E17-A68A-4D3C-B7B7-8731E8AE4269}.Development|Win64.ActiveCfg = BuiltWithUnrealBuildTool|Win32
		{30178E17-A68A-4D3C-B7B7-8731E8AE4269}.Shipping|Win32.ActiveCfg = BuiltWithUnrealBuildTool|Win32
		{30178E17-A68A-4D3C-B7B7-8731E8AE4269}.Shipping|Win64.ActiveCfg = BuiltWithUnrealBuildTool|Win32
		{FA7D60F6-D640-4759-8E59-563667BDC1E6}.DebugGame Editor|Win32.ActiveCfg = Invalid|Win32
		{FA7D60F6-D640-4759-8E59-563667BDC1E6}.DebugGame Editor|Win64.ActiveCfg = DebugGame_Editor|x64
		{FA7D60F6-D640-4759-8E59-563667BDC1E6}.DebugGame Editor|Win64.Build.0 = DebugGame_Editor|x64
		{FA7D60F6-D640-4759-8E59-563667BDC1E6}.DebugGame|Win32.ActiveCfg = DebugGame|Win32
		{FA7D60F6-D640-4759-8E59-563667BDC1E6}.DebugGame|Win32.Build.0 = DebugGame|Win32
		{FA7D60F6-D640-4759-8E59-563667BDC1E6}.DebugGame|Win64.ActiveCfg = DebugGame|x64
		{FA7D60F6-D640-4759-8E59-563667BDC1E6}.DebugGame|Win64.Build.0 = DebugGame|x64
		{FA7D60F6-D640-4759-8E59-563667BDC1E6}.Development Editor|Win32.ActiveCfg = Invalid|Win32
		{FA7D60F6-D640-4759-8E59-563667BDC1E6}.Development Editor|Win64.ActiveCfg = Development_Editor|x64
		{FA7D60F6-D640-4759-8E59-563667BDC1E6}.Development Editor|Win64.Build.0 = Development_Editor|x64
		{FA7D60F6-D640-4759-8E59-563667BDC1E6}.Development|Win32.ActiveCfg = Development|Win32
		{FA7D60F6-D640-4759-8E59-563667BDC1E6}.Development|Win32.Build.0 = Development|Win32
		{FA7D60F6-D640-4759-8E59-563667BDC1E6}.Development|Win64.ActiveCfg = Development|x64
		{FA7D60F6-D640-4759-8E59-563667BDC1E6}.Development|Win64.Build.0 = Development|x64
		{FA7D60F6-D640-4759-8E59-563667BDC1E6}.Shipping|Win32.ActiveCfg = Shipping|Win32
		{FA7D60F6-D640-4759-8E59-563667BDC1E6}.Shipping|Win32.Build.0 = Shipping|Win32
		{FA7D60F6-D640-4759-8E59-563667BDC1E6}.Shipping|Win64.ActiveCfg = Shipping|x64
		{FA7D60F6-D640-4759-8E59-563667BDC1E6}.Shipping|Win64.Build.0 = Shipping|x64
	EndGlobalSection
	GlobalSection(SolutionProperties) = preSolution
		HideSolutionNode = FALSE
	EndGlobalSection
	GlobalSection(NestedProjects) = preSolution
		{30178E17-A68A-4D3C-B7B7-8731E8AE4269} = {1196119D-24CE-4627-B7BB-48C87B8F9F52}
		{FA7D60F6-D640-4759-8E59-563667BDC1E6} = {A5F23985-43C9-40AD-A380-86CA95B9C42F}
	EndGlobalSection
EndGlobal
